# THIS IS AN AUTOGENERATED FILE. DO NOT EDIT THIS FILE DIRECTLY.
assets/normalize.css:
  development: 2017-11-21T22:25:12-05:00   c1a6015040ef12016dd4e174d4200996
assets/shop_logo.png:
  development: 2017-11-28T04:20:33-05:00   d82564850b2e6753af82bb33ff3f8694
assets/style.css.liquid:
  development: 2017-11-29T02:34:42-05:00   c70e7b582ee6e26e3a3d791c60c3b4e6
config/settings_data.json:
  development: 2017-11-28T04:20:33-05:00   3c10ac1345e8acf9dfc19efa344beeb0
config/settings_schema.json:
  development: 2017-11-28T05:15:05-05:00   a5589f85751af9e37e1f79c4fcfb690f
layout/theme.liquid:
  development: 2017-11-27T23:26:31-05:00   a50d9718f1878d182e98082bf11657cc
snippets/product-loop.liquid:
  development: 2017-11-22T22:44:37-05:00   4dc88853ff25ab32b1fadc7fcd7d1ab7
templates/404.liquid:
  development: 2017-11-23T02:44:25-05:00   646eb054163d61e496c923f2b0d97c45
templates/article.liquid:
  development: 2017-11-23T06:14:07-05:00   0ad6607b6018292f50b7c3d9db0ee686
templates/blog.liquid:
  development: 2017-11-23T05:28:20-05:00   cbaa073801f16fce6baa8dcdf3ba60f5
templates/cart.liquid:
  development: 2017-11-23T04:58:15-05:00   1f1f915c983860655c59d1fc2637bdfb
templates/collection.liquid:
  development: 2017-11-23T02:29:18-05:00   c3e1656b17d6c8bf1a8436ec4b78d448
templates/customers/account.liquid:
  development: 2017-11-27T04:01:18-05:00   a149708937054ad0aecfd9d58c90bbfd
templates/customers/activate_account.liquid:
  development: 2017-11-27T04:01:49-05:00   5a6109b672e8c897194e8950b36b366c
templates/customers/addresses.liquid:
  development: 2017-11-27T04:01:26-05:00   ef320798e65281796c3179f3c6dfedc0
templates/customers/login.liquid:
  development: 2017-11-27T23:33:20-05:00   e8585048e8ca9b9453bf371f649cbef9
templates/customers/order.liquid:
  development: 2017-11-27T04:01:41-05:00   c27af03444e5a94c7b97df2a92083839
templates/customers/register.liquid:
  development: 2017-11-27T04:02:06-05:00   7e93121f9913a5b4d94d463c92f0800e
templates/customers/reset_password.liquid:
  development: 2017-11-27T04:01:57-05:00   8aba0905674186ffe6f7ef5ce1bbb266
templates/index.liquid:
  development: 2017-11-24T03:36:30-05:00   5dd305e8a64173c76cb35d8256140761
templates/list-collections.liquid:
  development: 2017-11-24T03:28:43-05:00   1bf5e8c8eeed4967ca46c47c36800f9a
templates/page.liquid:
  development: 2017-11-23T02:35:10-05:00   d9b475f4d4a729418687b3c3a56ae3eb
templates/product.liquid:
  development: 2017-11-23T03:31:02-05:00   6099eca77f293fcc243b5dfa914b0657
templates/search.liquid:
  development: 2017-11-24T02:45:04-05:00   7100f9a9c63fd2a6761fa7abb0f36c69
