# THIS IS AN AUTOGENERATED FILE. DO NOT EDIT THIS FILE DIRECTLY.
assets/ajax-loader.gif:
  development: 2017-10-24T04:22:48-04:00   deca8b0ecd6974227d157b6d7068995d
assets/bold-upsell-custom.css:
  development: 2017-10-24T04:22:48-04:00   08ee484552eaedf3f33800316bc89d6e
assets/bold-upsell.css:
  development: 2017-10-24T04:22:49-04:00   cdc22de7fbc2f4b0edc8c0fa1e8fe220
assets/checkout.scss.liquid:
  development: 2017-11-01T22:54:22-04:00   fe55e8744a2838a18d8538f14106c066
assets/currency-flags-small.png:
  development: 2017-10-24T04:22:49-04:00   efa8d6f2c9bc0cd261e2bba466e0e2ca
assets/currency-flags.png:
  development: 2017-10-24T04:22:49-04:00   26d1b28606e8327b66d3caca7fd5d5d1
assets/doubly.js:
  development: 2017-10-24T04:22:49-04:00   bf55d524ba9728836db2af0dd0f0f6a2
assets/geolizr-lib.css:
  development: 2017-10-24T04:22:49-04:00   62c66a34d5be9bbcc4bb82c0243c5b6e
assets/geolizr-lib.js:
  development: 2017-10-24T04:22:49-04:00   194d33c42ae18833aa0d7905ae0b91b8
assets/gift-card.js:
  development: 2017-10-24T04:22:49-04:00   d98dc5c9afcd8397babfd08c06e9899a
assets/gift-card.scss.liquid:
  development: 2017-10-24T04:22:49-04:00   d60e2b6232148729e3840fb91b1464fc
assets/ico-select.svg.liquid:
  development: 2017-10-24T04:22:49-04:00   28de0c672609528b7c55f6f47810784b
assets/icon1.png:
  development: 2017-11-19T23:40:34-05:00   fc3aed6771841300e86828e4ae23f843
assets/icon2.png:
  development: 2017-11-19T23:40:48-05:00   041fed46a225fcce1bc7bfd368b4acca
assets/icon3.png:
  development: 2017-11-19T23:40:58-05:00   dd42bba0953abbc8d5feb53edb95cb10
assets/icon4.png:
  development: 2017-11-19T23:41:25-05:00   5e5f4de34d5f7b2fa118cd4380bf8ba5
assets/icon5.png:
  development: 2017-11-19T23:41:37-05:00   e4e63c32d9d2ec9e002f4e3ad03c6f39
assets/img-tem.jpg:
  development: 2017-11-09T05:21:38-05:00   01f629b5b9aaf179a9ca0bad05fdf2cf
assets/jquery_accordion.js:
  development: 2017-11-20T03:29:50-05:00   cc526ab48ca4bff6f012c5409d7cc50d
assets/knife.jpg:
  development: 2017-12-05T23:06:18-05:00   b996d60b5b4db1f374113648a812072b
assets/ly-icon-28652.png:
  development: 2017-10-24T04:22:49-04:00   f63729228d30e460f566cca14262d945
assets/ly-icon-28653.png:
  development: 2017-10-24T04:22:49-04:00   7be652ada81a4e1a9aa1525db5a85eda
assets/match-media.min.js:
  development: 2017-10-24T04:22:49-04:00   d0bf06c458a236dcca39b3be8cf80ec5
assets/password.js:
  development: 2017-10-24T04:22:49-04:00   c6b4c16234704306bbb6129d04d7e78e
assets/text-blah.jpg:
  development: 2017-11-02T06:21:26-04:00   b99b98348e8cf15bfdae155378caa572
assets/theme.js:
  development: 2017-10-24T04:22:49-04:00   46c7a78fd1235c6edebbb7fe89193c88
assets/theme.scss.liquid:
  development: 2017-12-05T22:59:46-05:00   85a47f0032194cdacb2b8fb6eeabb473
assets/vendor.js:
  development: 2017-10-24T04:22:50-04:00   cb7c4217c9b6feb844647b361accfe6c
config/settings_data.json:
  development: 2017-11-01T00:04:26-04:00   526c3e5091e0b64753b8465a30eac8e0
config/settings_schema.json:
  development: 2017-10-31T00:51:18-04:00   8e43e4c03b0445c13dee6c8786553cf6
layout/checkout.liquid:
  development: 2017-11-14T02:31:15-05:00   54ee2d224213289c3757d367c2c56a6a
layout/gift_card.liquid:
  development: 2017-10-24T04:22:50-04:00   876374b0950e11992ce087d1d2bad3c8
layout/password.liquid:
  development: 2017-10-24T04:22:50-04:00   f403680b0aa8921493e38dac1f82d270
layout/theme-safe.liquid:
  development: 2017-10-24T04:22:50-04:00   1fdbba4ef616e9ec88ac61ebd6c7d81d
layout/theme.liquid:
  development: 2017-11-12T22:37:28-05:00   6c71548d79b6c3dec748c71471f31dc6
locales/de.json:
  development: 2017-10-24T04:22:53-04:00   bb0fe289cc2e4f6012d6bc4b723e2b87
locales/en.default.json:
  development: 2017-10-24T04:22:53-04:00   43fa3dddec8d330aed7047130c6b3177
locales/es.json:
  development: 2017-10-24T04:22:53-04:00   5316f9416f89efe92dfdfca501f09945
locales/fr.json:
  development: 2017-10-24T04:22:53-04:00   3d9a12ef3a3166243a757bc308487599
locales/pt-BR.json:
  development: 2017-10-24T04:22:53-04:00   cf1e1bfaa9e01f2c2309800ea4abe605
locales/pt-PT.json:
  development: 2017-10-24T04:22:53-04:00   54fccf0d7b48801838f407d114aa21fb
sections/article-template.liquid:
  development: 2017-10-24T04:22:46-04:00   6850937aeb295fae74ca4dec2a6922bb
sections/blog-template.liquid:
  development: 2017-10-24T04:22:47-04:00   b64357cd1a4c6fb63d4379f8729f0619
sections/cart-template.liquid:
  development: 2017-11-10T03:59:18-05:00   b8dea0acebab89a5ffee40e43dfff11b
sections/collection-block1.liquid:
  development: 2017-12-06T05:24:06-05:00   01f1d205acbd567a13a8baaf9c067d02
sections/collection-knives.liquid:
  development: 2017-10-24T04:22:47-04:00   191ea17f1b880e66110e9252aadd2719
sections/collection-list.liquid:
  development: 2017-10-24T04:22:47-04:00   2a5868fa6214616dde1b17f342d4591a
sections/collection-template.liquid:
  development: 2017-10-24T04:22:47-04:00   d4670964d6b7d02746f5ced1acec3e89
sections/collection.liquid:
  development: 2017-10-24T04:22:47-04:00   cfcb2b63f434380abca9d20a57d81692
sections/custom-content.liquid:
  development: 2017-10-24T04:22:47-04:00   0a738aab91e8927d2897a6fc70a41d2c
sections/feature-columns.liquid:
  development: 2017-10-24T04:22:47-04:00   2b46044e7a865d821d600bd48d415dce
sections/feature-row.liquid:
  development: 2017-10-24T04:22:47-04:00   99d80c1924bc021b58ce81ca614baae2
sections/featured-blog.liquid:
  development: 2017-10-24T04:22:47-04:00   e420504395aff792e53c0414b3421a7f
sections/featured-product.liquid:
  development: 2017-10-24T04:22:47-04:00   09412d38acde395f78111966e42a3eb2
sections/footer.liquid:
  development: 2017-10-25T23:20:35-04:00   4c9bb722a48698757baa530e1e56f960
sections/header.liquid:
  development: 2017-10-24T04:22:47-04:00   8c426d7346947a5e4f6fc6a844624f8e
sections/hero.liquid:
  development: 2017-10-24T04:22:47-04:00   c18a0e22236ef42ca1d735d0eb447dfc
sections/image-bar.liquid:
  development: 2017-10-24T04:22:47-04:00   c6f61e2d8018347d3cc4b1fd9212679b
sections/logo-bar.liquid:
  development: 2017-10-24T04:22:47-04:00   b6fb01857f91db6b631a74545eb00265
sections/map.liquid:
  development: 2017-10-24T04:22:47-04:00   d772380acf9b9e69206c8413916bf75e
sections/newsletter.liquid:
  development: 2017-10-24T04:22:47-04:00   c56f67767786f2c51b682a3a2cc74f6a
sections/password-content.liquid:
  development: 2017-10-24T04:22:47-04:00   a66b3559e2fbfefb0a76efc856d6fb60
sections/password-footer.liquid:
  development: 2017-10-24T04:22:47-04:00   c4c58f0396f2e2396ec59a470f54aef0
sections/password-header.liquid:
  development: 2017-10-24T04:22:47-04:00   ef68b202c3a6c8049b5d5ae9daae30a5
sections/product-pre-order-template.liquid:
  development: 2017-10-24T04:22:47-04:00   9394a2f55d44872935bfcdef53fe8553
sections/product-template.liquid:
  development: 2017-11-27T02:03:53-05:00   077b0dafb5050c1f11a46313f56ad36b
sections/quotes.liquid:
  development: 2017-10-24T04:22:47-04:00   b234ffff9a061befe87a0d69a121af1c
sections/slideshow.liquid:
  development: 2017-10-24T04:22:47-04:00   0327e50401621c5dc935b1306e798655
snippets/bold-common.liquid:
  development: 2017-10-24T04:22:50-04:00   631a3921628b1c108a046222f6e97cb8
snippets/bold-product.liquid:
  development: 2017-10-24T04:22:50-04:00   cf098f6a12ad73f48a1ce18b63f17676
snippets/bold-variant.liquid:
  development: 2017-10-24T04:22:50-04:00   68936222a22a626d87f8e7e1330486fe
snippets/collection-grid-item.liquid:
  development: 2017-10-24T04:22:50-04:00   dad48ecfc24fb293d6d0161cfff499b0
snippets/comment.liquid:
  development: 2017-10-24T04:22:50-04:00   50406c82467014e1bbe15a62685b2536
snippets/faq-template.liquid:
  development: 2017-11-21T03:16:40-05:00   19102b5e16c491104b793578281c1af1
snippets/geolizr-json.liquid:
  development: 2017-10-24T04:22:50-04:00   6a952d7e1e5d90624ff71842f9a12851
snippets/geolizr-redirect.liquid:
  development: 2017-10-24T04:22:50-04:00   b2228e5c6cf486c101e8dd16a0a30105
snippets/google-fonts.liquid:
  development: 2017-10-24T04:22:50-04:00   377ddc183ac7882100f47299bb8e0467
snippets/guru-additional-checkout-buttons-808913e66bb8ca34c54570ae143ad72de7405d257db279c632b910e1babef726-css.liquid:
  development: 2017-10-24T04:22:50-04:00   f750341cd67b85e9d6fd0ece72ff54a4
snippets/guru-bold-options-css.liquid:
  development: 2017-10-24T04:22:50-04:00   a092f523fa387517bc25991ea928abd0
snippets/guru-geolizr-lib-css.liquid:
  development: 2017-10-24T04:22:50-04:00   c064a94b7c8f8659d738502ce4524fb9
snippets/guru-googlefonts-d98782bb-6007-42c2-8538-b61cbde78c21.liquid:
  development: 2017-10-24T04:22:50-04:00   5e016a3e2ba549feb9fdbb0af00140d6
snippets/guru-script-analytics_js-950a45f3-adbf-40dc-8bfb-1f4a86253fad.liquid:
  development: 2017-10-24T04:22:50-04:00   65013f7e8736b1237cc55fb2db0d01b9
? snippets/guru-script-express_buttons-4313e8f23864dc31b1afa7619a5a24a5e94c427f1e0b3b2d84201eb11349b863_js-94164edf-893d-49fd-a96a-d4925bbbc3eb.liquid
: development: 2017-10-24T04:22:50-04:00   353b98611de4d2640b8ab7f2cfd9664f
snippets/guru-script-geolizr-lib_js-ec8d4d6a-5001-4fad-ba58-fa1c3007fd97.liquid:
  development: 2017-10-24T04:22:50-04:00   1c690b01d3666a964997d380fb424aac
snippets/guru-script-jquery_min_js-877d87a0-0329-4579-8a5d-8ee80a6e2691.liquid:
  development: 2017-10-24T04:22:50-04:00   59e9a18f9d48d8170e2835e876cfdf9d
snippets/guru-theme-scss-css.liquid:
  development: 2017-11-22T02:05:51-05:00   892d7b05a90c1716a1dd489eddfaa121
snippets/icon-amazon_payments.liquid:
  development: 2017-10-24T04:22:50-04:00   ec8359cdda389706cc36ae917892d93f
snippets/icon-american_express.liquid:
  development: 2017-10-24T04:22:50-04:00   9da829decce6867b8de60a183c94d099
snippets/icon-apple_pay.liquid:
  development: 2017-10-24T04:22:50-04:00   e82e7acc46479ea2173926f8fad55db0
snippets/icon-arrow-left.liquid:
  development: 2017-10-24T04:22:50-04:00   9b1406c2b20dd26c044f3083dae150ab
snippets/icon-arrow-right.liquid:
  development: 2017-10-24T04:22:50-04:00   45f24673c43655e9275d1ba99d814374
snippets/icon-bitcoin.liquid:
  development: 2017-10-24T04:22:51-04:00   d8cb31e0401818c1cb852348b6f27420
snippets/icon-cart.liquid:
  development: 2017-10-24T04:22:51-04:00   c9de61c7db365e0090f7ca5423b633e6
snippets/icon-chevron-down.liquid:
  development: 2017-10-24T04:22:51-04:00   7d3a8cd08370aa9d2a88ae542446a181
snippets/icon-chevron-left.liquid:
  development: 2017-10-24T04:22:51-04:00   ccf0fb4e1bfaa27a2f02f44dcbdf58e4
snippets/icon-chevron-right.liquid:
  development: 2017-10-24T04:22:51-04:00   f55d5a78897983a9e59ef3d914b9872d
snippets/icon-chevron-up.liquid:
  development: 2017-10-24T04:22:51-04:00   4df1e02c8789418fc53d48e2913daf49
snippets/icon-cirrus.liquid:
  development: 2017-10-24T04:22:51-04:00   fcbd6ce7e38d7946c921c8ed6ad5ca71
snippets/icon-close.liquid:
  development: 2017-10-24T04:22:51-04:00   a04fce17a63e760b9bce76768ee29feb
snippets/icon-dankort.liquid:
  development: 2017-10-24T04:22:51-04:00   796e1e822b3e46784d303b48c9db5b29
snippets/icon-diners_club.liquid:
  development: 2017-10-24T04:22:51-04:00   cf70ea54486bb14c286264f90dab9ff8
snippets/icon-discover.liquid:
  development: 2017-10-24T04:22:51-04:00   b43221b39bc3df37f7e6c7810d3e54d8
snippets/icon-dogecoin.liquid:
  development: 2017-10-24T04:22:51-04:00   6a35f5db9eb93d1ed563c6989ff30798
snippets/icon-dwolla.liquid:
  development: 2017-10-24T04:22:51-04:00   aeb86f67aad84adaf7635d2043cb89a9
snippets/icon-facebook.liquid:
  development: 2017-10-24T04:22:51-04:00   2e854ec2a9e08bcb7d4586aa06227f1e
snippets/icon-forbrugsforeningen.liquid:
  development: 2017-10-24T04:22:51-04:00   ff962a94f23046340766c215b0f14a52
snippets/icon-hamburger.liquid:
  development: 2017-10-24T04:22:51-04:00   559577e06ff14924311cfe2642e8b765
snippets/icon-instagram.liquid:
  development: 2017-10-24T04:22:51-04:00   bf50214819f6e2a5f053593e2414526d
snippets/icon-interac.liquid:
  development: 2017-10-24T04:22:51-04:00   24c4d22a98c0574c32fc02fe39e34b80
snippets/icon-jcb.liquid:
  development: 2017-10-24T04:22:51-04:00   275259ce80a1b368d0e5afcf7d6bb6f3
snippets/icon-laser.liquid:
  development: 2017-10-24T04:22:51-04:00   bd1a0ecfe958b6a6e84bf80e0669a6da
snippets/icon-litecoin.liquid:
  development: 2017-10-24T04:22:51-04:00   051dfcb36fa17b532a087b12f0a49e0e
snippets/icon-lock.liquid:
  development: 2017-10-24T04:22:51-04:00   60ae7ba03d14efa582faed8855821a58
snippets/icon-login.liquid:
  development: 2017-10-24T04:22:51-04:00   9a74bdaac402576390ca1dbdc9e7869c
snippets/icon-maestro.liquid:
  development: 2017-10-24T04:22:51-04:00   b987e558ecad607661489939ec8ca524
snippets/icon-master.liquid:
  development: 2017-10-24T04:22:51-04:00   7be93970b63c2fd0e2b319a35c00a9d7
snippets/icon-minus.liquid:
  development: 2017-10-24T04:22:51-04:00   78c513424d498299e865f8a242823ad0
snippets/icon-pause.liquid:
  development: 2017-10-24T04:22:52-04:00   99e785a63af3ab0a7ccd9c5551ea8910
snippets/icon-paypal.liquid:
  development: 2017-10-24T04:22:52-04:00   1b0d7db160b229b8519cccf2514ee676
snippets/icon-pinterest.liquid:
  development: 2017-10-24T04:22:52-04:00   45fb0bdd85511c5f36373fde08e2b331
snippets/icon-play-video.liquid:
  development: 2017-10-24T04:22:52-04:00   f0b736a271f33b83b319b2d04e61aa2b
snippets/icon-play.liquid:
  development: 2017-10-24T04:22:52-04:00   31ff2901a9fd0f32ebc4c05748e7aa5d
snippets/icon-plus.liquid:
  development: 2017-10-24T04:22:52-04:00   ba5297f64eb7ea97f1785e8166e11231
snippets/icon-quote.liquid:
  development: 2017-10-24T04:22:52-04:00   e710949f7a142dfc3c4fac15c33bb2fa
snippets/icon-rss.liquid:
  development: 2017-10-24T04:22:52-04:00   6493d6bcb850513a55823d4ff62b0f8b
snippets/icon-search.liquid:
  development: 2017-10-24T04:22:52-04:00   7a6bf8d43770ed3a16cb22001718b87e
snippets/icon-shopify-logo.liquid:
  development: 2017-10-24T04:22:52-04:00   3f0b70f9e01be5b25507d25a732ecde7
snippets/icon-snapchat.liquid:
  development: 2017-10-24T04:22:52-04:00   9ed6937e3232c9034976be2b8ed9f673
snippets/icon-stripe.liquid:
  development: 2017-10-24T04:22:52-04:00   208713954dff9de98f800df59763615d
snippets/icon-tumblr.liquid:
  development: 2017-10-24T04:22:52-04:00   d71a4ada77a8a9b6bd792bdafef393de
snippets/icon-twitter.liquid:
  development: 2017-10-24T04:22:52-04:00   012a2aa26d89b8b0d426d5e82a8e522d
snippets/icon-vimeo.liquid:
  development: 2017-10-24T04:22:52-04:00   a229ed8a1a81e6ef95ad621f8a34efb6
snippets/icon-visa.liquid:
  development: 2017-10-24T04:22:52-04:00   9098533cd59e385d2672f6d8b7fa4b04
snippets/icon-youtube.liquid:
  development: 2017-10-24T04:22:52-04:00   9d72c5bc3eaa14a3e7aefd921881b1ae
snippets/json_cleanup.liquid:
  development: 2017-10-24T04:22:52-04:00   6e82a9573e3f70dc22469217d4509d27
snippets/mlveda-currencies-switcher.liquid:
  development: 2017-10-24T04:22:52-04:00   b5825e22632c894cc744753665a685c3
snippets/mlveda-currencies.liquid:
  development: 2017-10-24T04:22:52-04:00   87be63a994f6e15a3254df717ec624d9
snippets/no-blocks.liquid:
  development: 2017-10-24T04:22:52-04:00   0cb7d758b6df0feb07ae5804b4b627fa
snippets/pagination.liquid:
  development: 2017-10-24T04:22:52-04:00   21eb22fbf93da5d96f2d111ce4784463
snippets/product-card-grid.liquid:
  development: 2017-10-24T04:22:52-04:00   f2665c66fa3cc2b301d37da4f99f384e
snippets/product-card-list.liquid:
  development: 2017-10-24T04:22:52-04:00   c4668c00b9a47379e06cc7fbd8193cee
snippets/product-price.liquid:
  development: 2017-10-24T04:22:52-04:00   df172ab304695b12e31332e0e51d7626
snippets/search-form.liquid:
  development: 2017-10-24T04:22:52-04:00   28a50f2542fd28c27fd3eb50ae816c46
snippets/shappify-options.liquid:
  development: 2017-10-24T04:22:52-04:00   b33ff8dc5813eb97b943075620ef700d
snippets/site-nav.liquid:
  development: 2017-10-24T04:22:52-04:00   78905a9984ade60a4f967fae753917a4
snippets/social-meta-tags.liquid:
  development: 2017-10-24T04:22:52-04:00   af4fb21aab8094078da2ff27c8766ad5
snippets/social-sharing.liquid:
  development: 2017-10-24T04:22:52-04:00   3ac09556b105b0120895e1d858feebec
snippets/sub-header.liquid:
  development: 2017-10-24T04:22:52-04:00   1016724c967ce4d70fa43a11a6ee6fa5
templates/404.liquid:
  development: 2017-10-25T23:15:04-04:00   805b16263cdf5c85be9c507ad6b03623
templates/article.liquid:
  development: 2017-10-24T04:22:52-04:00   ee81292ccbf409a609d95a6d1a89d94f
templates/blog.liquid:
  development: 2017-10-24T04:22:52-04:00   2d9763b480fe6879080163b1e0e33e54
templates/cart.liquid:
  development: 2017-10-24T04:22:52-04:00   e6ef00fcb397a22fe91bd9d9fe26d7b5
templates/collection-safe.liquid:
  development: 2017-10-24T04:22:52-04:00   56b51b6f96394db4b17c64b43e1c0010
templates/collection.category-special.liquid:
  development: 2017-12-06T03:59:20-05:00   54d768a018d3df37eb517e195e4072db
templates/collection.knives.liquid:
  development: 2017-10-24T04:22:52-04:00   5db0256874fca1cc72a6f068888fe095
templates/collection.liquid:
  development: 2017-10-24T04:22:52-04:00   5db0256874fca1cc72a6f068888fe095
templates/customers/account.liquid:
  development: 2017-10-24T04:22:52-04:00   2150e58e96e6435f4449d4a71b395aa6
templates/customers/activate_account.liquid:
  development: 2017-10-24T04:22:52-04:00   857243216dbada72fb0fc9bc256da757
templates/customers/addresses.liquid:
  development: 2017-10-24T04:22:53-04:00   f430f4d7180c00a1e2c058124c26c0e9
templates/customers/login.liquid:
  development: 2017-10-24T04:22:53-04:00   28ed5c6acf621c8b4523bbc178f97955
templates/customers/order.liquid:
  development: 2017-10-24T04:22:53-04:00   1293617a6f9aa8d346bce03b68d79921
templates/customers/register.liquid:
  development: 2017-10-24T04:22:53-04:00   fcf72eba28fe5737b6be507228b2f5fc
templates/customers/reset_password.liquid:
  development: 2017-10-24T04:22:53-04:00   e80703307e36b8b5dd428463bace82cc
templates/gift_card.liquid:
  development: 2017-10-24T04:22:53-04:00   16c95e9922ddd30e37f0cf018e86597c
templates/index-safe.liquid:
  development: 2017-10-24T04:22:53-04:00   56b51b6f96394db4b17c64b43e1c0010
templates/index.liquid:
  development: 2017-10-24T04:22:53-04:00   56b51b6f96394db4b17c64b43e1c0010
templates/list-collections.liquid:
  development: 2017-10-24T04:22:53-04:00   15196b39880ae82958038821e31de5c9
templates/page.catalogpage.liquid:
  development: 2017-12-06T03:14:38-05:00   6f9aaf88118e4347c7a71431fb1b434f
templates/page.contact.liquid:
  development: 2017-10-24T04:22:53-04:00   854f7fd02acf64bc9ce31bfd6994f791
templates/page.liquid:
  development: 2017-11-28T06:30:37-05:00   26f97d3355078de5c6678ed3b34ad7f6
templates/password.liquid:
  development: 2017-10-24T04:22:53-04:00   30d1743d26765ce8c3fa53a3fdf9524f
templates/product-safe.liquid:
  development: 2017-10-24T04:22:53-04:00   68f297d62e79f06d5a4ebc159bd0c850
templates/product.liquid:
  development: 2017-10-31T04:30:56-04:00   5984ac3298e99ca4ffcc4c7a26811361
templates/product.pre-order.liquid:
  development: 2017-10-24T04:22:53-04:00   032b36cd19fec1e08f432c95c5eb1980
templates/search.json.liquid:
  development: 2017-10-24T04:22:53-04:00   423342b426fe7b174483c782098d4011
templates/search.liquid:
  development: 2017-10-25T23:19:05-04:00   1a9a18ae6b952f436f091e862ecd0e95
